// !$*UTF8*$!
{
	archiveVersion = 1;
	classes = {
	};
	objectVersion = 56;
	objects = {

/* Begin PBXBuildFile section */
		61079E6229CD638500FF2EFD /* HeartRateStat.swift in Sources */ = {isa = PBXBuildFile; fileRef = 61079E6129CD638500FF2EFD /* HeartRateStat.swift */; };
		61079E6429CD6B5900FF2EFD /* HeartRateListView.swift in Sources */ = {isa = PBXBuildFile; fileRef = 61079E6329CD6B5900FF2EFD /* HeartRateListView.swift */; };
		61079E6629D2A51000FF2EFD /* WorkoutView.swift in Sources */ = {isa = PBXBuildFile; fileRef = 61079E6529D2A51000FF2EFD /* WorkoutView.swift */; };
		61079E6829D3E7B500FF2EFD /* QuantitySample.swift in Sources */ = {isa = PBXBuildFile; fileRef = 61079E6729D3E7B500FF2EFD /* QuantitySample.swift */; };
		61079E6A29D3F6FA00FF2EFD /* QuantityType.swift in Sources */ = {isa = PBXBuildFile; fileRef = 61079E6929D3F6FA00FF2EFD /* QuantityType.swift */; };
		61079E6C29D51EF200FF2EFD /* DummyData.swift in Sources */ = {isa = PBXBuildFile; fileRef = 61079E6B29D51EF200FF2EFD /* DummyData.swift */; };
		61079E6E29D5503600FF2EFD /* QuantitySampleView.swift in Sources */ = {isa = PBXBuildFile; fileRef = 61079E6D29D5503600FF2EFD /* QuantitySampleView.swift */; };
		61079E7029D7AA3300FF2EFD /* LocationModel.swift in Sources */ = {isa = PBXBuildFile; fileRef = 61079E6F29D7AA3300FF2EFD /* LocationModel.swift */; };
		61079E7229D7B23500FF2EFD /* LocationView.swift in Sources */ = {isa = PBXBuildFile; fileRef = 61079E7129D7B23500FF2EFD /* LocationView.swift */; };
		6189038729A8557D00D2B727 /* HealthKitExportApp.swift in Sources */ = {isa = PBXBuildFile; fileRef = 6189038629A8557D00D2B727 /* HealthKitExportApp.swift */; };
		6189038929A8557D00D2B727 /* ContentView.swift in Sources */ = {isa = PBXBuildFile; fileRef = 6189038829A8557D00D2B727 /* ContentView.swift */; };
		6189038B29A8557F00D2B727 /* Assets.xcassets in Resources */ = {isa = PBXBuildFile; fileRef = 6189038A29A8557F00D2B727 /* Assets.xcassets */; };
		6189038E29A8557F00D2B727 /* Preview Assets.xcassets in Resources */ = {isa = PBXBuildFile; fileRef = 6189038D29A8557F00D2B727 /* Preview Assets.xcassets */; };
		6189039829A8557F00D2B727 /* HealthKitExportTests.swift in Sources */ = {isa = PBXBuildFile; fileRef = 6189039729A8557F00D2B727 /* HealthKitExportTests.swift */; };
		618903A229A8558000D2B727 /* HealthKitExportUITests.swift in Sources */ = {isa = PBXBuildFile; fileRef = 618903A129A8558000D2B727 /* HealthKitExportUITests.swift */; };
		618903A429A8558000D2B727 /* HealthKitExportUITestsLaunchTests.swift in Sources */ = {isa = PBXBuildFile; fileRef = 618903A329A8558000D2B727 /* HealthKitExportUITestsLaunchTests.swift */; };
		618903B729A8748200D2B727 /* HealthStat.swift in Sources */ = {isa = PBXBuildFile; fileRef = 618903B629A8748200D2B727 /* HealthStat.swift */; };
		618903B929A8750700D2B727 /* HKRepository.swift in Sources */ = {isa = PBXBuildFile; fileRef = 618903B829A8750700D2B727 /* HKRepository.swift */; };
		618903BE29A9916300D2B727 /* WorkoutViewModel.swift in Sources */ = {isa = PBXBuildFile; fileRef = 618903BD29A9916300D2B727 /* WorkoutViewModel.swift */; };
		618903C029A993E200D2B727 /* WorkoutModel.swift in Sources */ = {isa = PBXBuildFile; fileRef = 618903BF29A993E200D2B727 /* WorkoutModel.swift */; };
		61F5AE4E29BFC9DF00A4CD2E /* WorkoutService.swift in Sources */ = {isa = PBXBuildFile; fileRef = 61F5AE4D29BFC9DF00A4CD2E /* WorkoutService.swift */; };
		61F5AE5029BFCD3700A4CD2E /* HealthStoreSingleton.swift in Sources */ = {isa = PBXBuildFile; fileRef = 61F5AE4F29BFCD3700A4CD2E /* HealthStoreSingleton.swift */; };
/* End PBXBuildFile section */

/* Begin PBXContainerItemProxy section */
		6189039429A8557F00D2B727 /* PBXContainerItemProxy */ = {
			isa = PBXContainerItemProxy;
			containerPortal = 6189037B29A8557C00D2B727 /* Project object */;
			proxyType = 1;
			remoteGlobalIDString = 6189038229A8557D00D2B727;
			remoteInfo = HealthKitExport;
		};
		6189039E29A8558000D2B727 /* PBXContainerItemProxy */ = {
			isa = PBXContainerItemProxy;
			containerPortal = 6189037B29A8557C00D2B727 /* Project object */;
			proxyType = 1;
			remoteGlobalIDString = 6189038229A8557D00D2B727;
			remoteInfo = HealthKitExport;
		};
/* End PBXContainerItemProxy section */

/* Begin PBXFileReference section */
		61079E6129CD638500FF2EFD /* HeartRateStat.swift */ = {isa = PBXFileReference; lastKnownFileType = sourcecode.swift; path = HeartRateStat.swift; sourceTree = "<group>"; };
		61079E6329CD6B5900FF2EFD /* HeartRateListView.swift */ = {isa = PBXFileReference; lastKnownFileType = sourcecode.swift; path = HeartRateListView.swift; sourceTree = "<group>"; };
		61079E6529D2A51000FF2EFD /* WorkoutView.swift */ = {isa = PBXFileReference; lastKnownFileType = sourcecode.swift; path = WorkoutView.swift; sourceTree = "<group>"; };
		61079E6729D3E7B500FF2EFD /* QuantitySample.swift */ = {isa = PBXFileReference; lastKnownFileType = sourcecode.swift; path = QuantitySample.swift; sourceTree = "<group>"; };
		61079E6929D3F6FA00FF2EFD /* QuantityType.swift */ = {isa = PBXFileReference; lastKnownFileType = sourcecode.swift; path = QuantityType.swift; sourceTree = "<group>"; };
		61079E6B29D51EF200FF2EFD /* DummyData.swift */ = {isa = PBXFileReference; lastKnownFileType = sourcecode.swift; path = DummyData.swift; sourceTree = "<group>"; };
		61079E6D29D5503600FF2EFD /* QuantitySampleView.swift */ = {isa = PBXFileReference; lastKnownFileType = sourcecode.swift; path = QuantitySampleView.swift; sourceTree = "<group>"; };
		61079E6F29D7AA3300FF2EFD /* LocationModel.swift */ = {isa = PBXFileReference; lastKnownFileType = sourcecode.swift; path = LocationModel.swift; sourceTree = "<group>"; };
		61079E7129D7B23500FF2EFD /* LocationView.swift */ = {isa = PBXFileReference; lastKnownFileType = sourcecode.swift; path = LocationView.swift; sourceTree = "<group>"; };
		6189038329A8557D00D2B727 /* HealthKitExport.app */ = {isa = PBXFileReference; explicitFileType = wrapper.application; includeInIndex = 0; path = HealthKitExport.app; sourceTree = BUILT_PRODUCTS_DIR; };
		6189038629A8557D00D2B727 /* HealthKitExportApp.swift */ = {isa = PBXFileReference; lastKnownFileType = sourcecode.swift; path = HealthKitExportApp.swift; sourceTree = "<group>"; };
		6189038829A8557D00D2B727 /* ContentView.swift */ = {isa = PBXFileReference; lastKnownFileType = sourcecode.swift; path = ContentView.swift; sourceTree = "<group>"; };
		6189038A29A8557F00D2B727 /* Assets.xcassets */ = {isa = PBXFileReference; lastKnownFileType = folder.assetcatalog; path = Assets.xcassets; sourceTree = "<group>"; };
		6189038D29A8557F00D2B727 /* Preview Assets.xcassets */ = {isa = PBXFileReference; lastKnownFileType = folder.assetcatalog; path = "Preview Assets.xcassets"; sourceTree = "<group>"; };
		6189039329A8557F00D2B727 /* HealthKitExportTests.xctest */ = {isa = PBXFileReference; explicitFileType = wrapper.cfbundle; includeInIndex = 0; path = HealthKitExportTests.xctest; sourceTree = BUILT_PRODUCTS_DIR; };
		6189039729A8557F00D2B727 /* HealthKitExportTests.swift */ = {isa = PBXFileReference; lastKnownFileType = sourcecode.swift; path = HealthKitExportTests.swift; sourceTree = "<group>"; };
		6189039D29A8558000D2B727 /* HealthKitExportUITests.xctest */ = {isa = PBXFileReference; explicitFileType = wrapper.cfbundle; includeInIndex = 0; path = HealthKitExportUITests.xctest; sourceTree = BUILT_PRODUCTS_DIR; };
		618903A129A8558000D2B727 /* HealthKitExportUITests.swift */ = {isa = PBXFileReference; lastKnownFileType = sourcecode.swift; path = HealthKitExportUITests.swift; sourceTree = "<group>"; };
		618903A329A8558000D2B727 /* HealthKitExportUITestsLaunchTests.swift */ = {isa = PBXFileReference; lastKnownFileType = sourcecode.swift; path = HealthKitExportUITestsLaunchTests.swift; sourceTree = "<group>"; };
		618903B629A8748200D2B727 /* HealthStat.swift */ = {isa = PBXFileReference; lastKnownFileType = sourcecode.swift; path = HealthStat.swift; sourceTree = "<group>"; };
		618903B829A8750700D2B727 /* HKRepository.swift */ = {isa = PBXFileReference; lastKnownFileType = sourcecode.swift; path = HKRepository.swift; sourceTree = "<group>"; };
		618903BA29A89A2C00D2B727 /* HealthKitExportDebug.entitlements */ = {isa = PBXFileReference; lastKnownFileType = text.plist.entitlements; path = HealthKitExportDebug.entitlements; sourceTree = "<group>"; };
		618903BD29A9916300D2B727 /* WorkoutViewModel.swift */ = {isa = PBXFileReference; lastKnownFileType = sourcecode.swift; path = WorkoutViewModel.swift; sourceTree = "<group>"; };
		618903BF29A993E200D2B727 /* WorkoutModel.swift */ = {isa = PBXFileReference; lastKnownFileType = sourcecode.swift; path = WorkoutModel.swift; sourceTree = "<group>"; };
		61F5AE4D29BFC9DF00A4CD2E /* WorkoutService.swift */ = {isa = PBXFileReference; lastKnownFileType = sourcecode.swift; path = WorkoutService.swift; sourceTree = "<group>"; };
		61F5AE4F29BFCD3700A4CD2E /* HealthStoreSingleton.swift */ = {isa = PBXFileReference; lastKnownFileType = sourcecode.swift; path = HealthStoreSingleton.swift; sourceTree = "<group>"; };
/* End PBXFileReference section */

/* Begin PBXFrameworksBuildPhase section */
		6189038029A8557D00D2B727 /* Frameworks */ = {
			isa = PBXFrameworksBuildPhase;
			buildActionMask = 2147483647;
			files = (
			);
			runOnlyForDeploymentPostprocessing = 0;
		};
		6189039029A8557F00D2B727 /* Frameworks */ = {
			isa = PBXFrameworksBuildPhase;
			buildActionMask = 2147483647;
			files = (
			);
			runOnlyForDeploymentPostprocessing = 0;
		};
		6189039A29A8558000D2B727 /* Frameworks */ = {
			isa = PBXFrameworksBuildPhase;
			buildActionMask = 2147483647;
			files = (
			);
			runOnlyForDeploymentPostprocessing = 0;
		};
/* End PBXFrameworksBuildPhase section */

/* Begin PBXGroup section */
		6189037A29A8557C00D2B727 = {
			isa = PBXGroup;
			children = (
				6189038529A8557D00D2B727 /* HealthKitExport */,
				6189039629A8557F00D2B727 /* HealthKitExportTests */,
				618903A029A8558000D2B727 /* HealthKitExportUITests */,
				6189038429A8557D00D2B727 /* Products */,
			);
			sourceTree = "<group>";
		};
		6189038429A8557D00D2B727 /* Products */ = {
			isa = PBXGroup;
			children = (
				6189038329A8557D00D2B727 /* HealthKitExport.app */,
				6189039329A8557F00D2B727 /* HealthKitExportTests.xctest */,
				6189039D29A8558000D2B727 /* HealthKitExportUITests.xctest */,
			);
			name = Products;
			sourceTree = "<group>";
		};
		6189038529A8557D00D2B727 /* HealthKitExport */ = {
			isa = PBXGroup;
			children = (
				61F5AE4C29BFC9C500A4CD2E /* Services */,
				618903BA29A89A2C00D2B727 /* HealthKitExportDebug.entitlements */,
				618903B529A8597500D2B727 /* AppShared */,
				618903B429A8596E00D2B727 /* Models */,
				618903B329A8596100D2B727 /* ViewModels */,
				618903B229A8595700D2B727 /* Views */,
				618903B129A8593D00D2B727 /* App */,
				618903B029A8593500D2B727 /* Helpers */,
				6189038829A8557D00D2B727 /* ContentView.swift */,
				6189038A29A8557F00D2B727 /* Assets.xcassets */,
				6189038C29A8557F00D2B727 /* Preview Content */,
			);
			path = HealthKitExport;
			sourceTree = "<group>";
		};
		6189038C29A8557F00D2B727 /* Preview Content */ = {
			isa = PBXGroup;
			children = (
				6189038D29A8557F00D2B727 /* Preview Assets.xcassets */,
			);
			path = "Preview Content";
			sourceTree = "<group>";
		};
		6189039629A8557F00D2B727 /* HealthKitExportTests */ = {
			isa = PBXGroup;
			children = (
				6189039729A8557F00D2B727 /* HealthKitExportTests.swift */,
			);
			path = HealthKitExportTests;
			sourceTree = "<group>";
		};
		618903A029A8558000D2B727 /* HealthKitExportUITests */ = {
			isa = PBXGroup;
			children = (
				618903A129A8558000D2B727 /* HealthKitExportUITests.swift */,
				618903A329A8558000D2B727 /* HealthKitExportUITestsLaunchTests.swift */,
			);
			path = HealthKitExportUITests;
			sourceTree = "<group>";
		};
		618903B029A8593500D2B727 /* Helpers */ = {
			isa = PBXGroup;
			children = (
				618903B829A8750700D2B727 /* HKRepository.swift */,
				61079E6B29D51EF200FF2EFD /* DummyData.swift */,
			);
			path = Helpers;
			sourceTree = "<group>";
		};
		618903B129A8593D00D2B727 /* App */ = {
			isa = PBXGroup;
			children = (
				6189038629A8557D00D2B727 /* HealthKitExportApp.swift */,
			);
			path = App;
			sourceTree = "<group>";
		};
		618903B229A8595700D2B727 /* Views */ = {
			isa = PBXGroup;
			children = (
				61079E6329CD6B5900FF2EFD /* HeartRateListView.swift */,
				61079E6529D2A51000FF2EFD /* WorkoutView.swift */,
				61079E6D29D5503600FF2EFD /* QuantitySampleView.swift */,
				61079E7129D7B23500FF2EFD /* LocationView.swift */,
			);
			path = Views;
			sourceTree = "<group>";
		};
		618903B329A8596100D2B727 /* ViewModels */ = {
			isa = PBXGroup;
			children = (
				618903BD29A9916300D2B727 /* WorkoutViewModel.swift */,
			);
			path = ViewModels;
			sourceTree = "<group>";
		};
		618903B429A8596E00D2B727 /* Models */ = {
			isa = PBXGroup;
			children = (
				618903B629A8748200D2B727 /* HealthStat.swift */,
				618903BF29A993E200D2B727 /* WorkoutModel.swift */,
				61079E6129CD638500FF2EFD /* HeartRateStat.swift */,
				61079E6729D3E7B500FF2EFD /* QuantitySample.swift */,
				61079E6929D3F6FA00FF2EFD /* QuantityType.swift */,
				61079E6F29D7AA3300FF2EFD /* LocationModel.swift */,
			);
			path = Models;
			sourceTree = "<group>";
		};
		618903B529A8597500D2B727 /* AppShared */ = {
			isa = PBXGroup;
			children = (
				61F5AE4F29BFCD3700A4CD2E /* HealthStoreSingleton.swift */,
			);
			path = AppShared;
			sourceTree = "<group>";
		};
		61F5AE4C29BFC9C500A4CD2E /* Services */ = {
			isa = PBXGroup;
			children = (
				61F5AE4D29BFC9DF00A4CD2E /* WorkoutService.swift */,
			);
			path = Services;
			sourceTree = "<group>";
		};
/* End PBXGroup section */

/* Begin PBXNativeTarget section */
		6189038229A8557D00D2B727 /* HealthKitExport */ = {
			isa = PBXNativeTarget;
			buildConfigurationList = 618903A729A8558000D2B727 /* Build configuration list for PBXNativeTarget "HealthKitExport" */;
			buildPhases = (
				6189037F29A8557D00D2B727 /* Sources */,
				6189038029A8557D00D2B727 /* Frameworks */,
				6189038129A8557D00D2B727 /* Resources */,
			);
			buildRules = (
			);
			dependencies = (
			);
			name = HealthKitExport;
			productName = HealthKitExport;
			productReference = 6189038329A8557D00D2B727 /* HealthKitExport.app */;
			productType = "com.apple.product-type.application";
		};
		6189039229A8557F00D2B727 /* HealthKitExportTests */ = {
			isa = PBXNativeTarget;
			buildConfigurationList = 618903AA29A8558000D2B727 /* Build configuration list for PBXNativeTarget "HealthKitExportTests" */;
			buildPhases = (
				6189038F29A8557F00D2B727 /* Sources */,
				6189039029A8557F00D2B727 /* Frameworks */,
				6189039129A8557F00D2B727 /* Resources */,
			);
			buildRules = (
			);
			dependencies = (
				6189039529A8557F00D2B727 /* PBXTargetDependency */,
			);
			name = HealthKitExportTests;
			productName = HealthKitExportTests;
			productReference = 6189039329A8557F00D2B727 /* HealthKitExportTests.xctest */;
			productType = "com.apple.product-type.bundle.unit-test";
		};
		6189039C29A8558000D2B727 /* HealthKitExportUITests */ = {
			isa = PBXNativeTarget;
			buildConfigurationList = 618903AD29A8558000D2B727 /* Build configuration list for PBXNativeTarget "HealthKitExportUITests" */;
			buildPhases = (
				6189039929A8558000D2B727 /* Sources */,
				6189039A29A8558000D2B727 /* Frameworks */,
				6189039B29A8558000D2B727 /* Resources */,
			);
			buildRules = (
			);
			dependencies = (
				6189039F29A8558000D2B727 /* PBXTargetDependency */,
			);
			name = HealthKitExportUITests;
			productName = HealthKitExportUITests;
			productReference = 6189039D29A8558000D2B727 /* HealthKitExportUITests.xctest */;
			productType = "com.apple.product-type.bundle.ui-testing";
		};
/* End PBXNativeTarget section */

/* Begin PBXProject section */
		6189037B29A8557C00D2B727 /* Project object */ = {
			isa = PBXProject;
			attributes = {
				BuildIndependentTargetsInParallel = 1;
				LastSwiftUpdateCheck = 1420;
				LastUpgradeCheck = 1420;
				TargetAttributes = {
					6189038229A8557D00D2B727 = {
						CreatedOnToolsVersion = 14.2;
					};
					6189039229A8557F00D2B727 = {
						CreatedOnToolsVersion = 14.2;
						TestTargetID = 6189038229A8557D00D2B727;
					};
					6189039C29A8558000D2B727 = {
						CreatedOnToolsVersion = 14.2;
						TestTargetID = 6189038229A8557D00D2B727;
					};
				};
			};
			buildConfigurationList = 6189037E29A8557C00D2B727 /* Build configuration list for PBXProject "HealthKitExport" */;
			compatibilityVersion = "Xcode 14.0";
			developmentRegion = en;
			hasScannedForEncodings = 0;
			knownRegions = (
				en,
				Base,
			);
			mainGroup = 6189037A29A8557C00D2B727;
			productRefGroup = 6189038429A8557D00D2B727 /* Products */;
			projectDirPath = "";
			projectRoot = "";
			targets = (
				6189038229A8557D00D2B727 /* HealthKitExport */,
				6189039229A8557F00D2B727 /* HealthKitExportTests */,
				6189039C29A8558000D2B727 /* HealthKitExportUITests */,
			);
		};
/* End PBXProject section */

/* Begin PBXResourcesBuildPhase section */
		6189038129A8557D00D2B727 /* Resources */ = {
			isa = PBXResourcesBuildPhase;
			buildActionMask = 2147483647;
			files = (
				6189038E29A8557F00D2B727 /* Preview Assets.xcassets in Resources */,
				6189038B29A8557F00D2B727 /* Assets.xcassets in Resources */,
			);
			runOnlyForDeploymentPostprocessing = 0;
		};
		6189039129A8557F00D2B727 /* Resources */ = {
			isa = PBXResourcesBuildPhase;
			buildActionMask = 2147483647;
			files = (
			);
			runOnlyForDeploymentPostprocessing = 0;
		};
		6189039B29A8558000D2B727 /* Resources */ = {
			isa = PBXResourcesBuildPhase;
			buildActionMask = 2147483647;
			files = (
			);
			runOnlyForDeploymentPostprocessing = 0;
		};
/* End PBXResourcesBuildPhase section */

/* Begin PBXSourcesBuildPhase section */
		6189037F29A8557D00D2B727 /* Sources */ = {
			isa = PBXSourcesBuildPhase;
			buildActionMask = 2147483647;
			files = (
				61079E6A29D3F6FA00FF2EFD /* QuantityType.swift in Sources */,
				61079E6629D2A51000FF2EFD /* WorkoutView.swift in Sources */,
				61079E6229CD638500FF2EFD /* HeartRateStat.swift in Sources */,
				618903B929A8750700D2B727 /* HKRepository.swift in Sources */,
				6189038929A8557D00D2B727 /* ContentView.swift in Sources */,
				6189038729A8557D00D2B727 /* HealthKitExportApp.swift in Sources */,
				61079E7229D7B23500FF2EFD /* LocationView.swift in Sources */,
				61F5AE4E29BFC9DF00A4CD2E /* WorkoutService.swift in Sources */,
				61079E6429CD6B5900FF2EFD /* HeartRateListView.swift in Sources */,
				61079E7029D7AA3300FF2EFD /* LocationModel.swift in Sources */,
				61079E6E29D5503600FF2EFD /* QuantitySampleView.swift in Sources */,
				61F5AE5029BFCD3700A4CD2E /* HealthStoreSingleton.swift in Sources */,
				61079E6829D3E7B500FF2EFD /* QuantitySample.swift in Sources */,
				61079E6C29D51EF200FF2EFD /* DummyData.swift in Sources */,
				618903C029A993E200D2B727 /* WorkoutModel.swift in Sources */,
				618903B729A8748200D2B727 /* HealthStat.swift in Sources */,
				618903BE29A9916300D2B727 /* WorkoutViewModel.swift in Sources */,
			);
			runOnlyForDeploymentPostprocessing = 0;
		};
		6189038F29A8557F00D2B727 /* Sources */ = {
			isa = PBXSourcesBuildPhase;
			buildActionMask = 2147483647;
			files = (
				6189039829A8557F00D2B727 /* HealthKitExportTests.swift in Sources */,
			);
			runOnlyForDeploymentPostprocessing = 0;
		};
		6189039929A8558000D2B727 /* Sources */ = {
			isa = PBXSourcesBuildPhase;
			buildActionMask = 2147483647;
			files = (
				618903A229A8558000D2B727 /* HealthKitExportUITests.swift in Sources */,
				618903A429A8558000D2B727 /* HealthKitExportUITestsLaunchTests.swift in Sources */,
			);
			runOnlyForDeploymentPostprocessing = 0;
		};
/* End PBXSourcesBuildPhase section */

/* Begin PBXTargetDependency section */
		6189039529A8557F00D2B727 /* PBXTargetDependency */ = {
			isa = PBXTargetDependency;
			target = 6189038229A8557D00D2B727 /* HealthKitExport */;
			targetProxy = 6189039429A8557F00D2B727 /* PBXContainerItemProxy */;
		};
		6189039F29A8558000D2B727 /* PBXTargetDependency */ = {
			isa = PBXTargetDependency;
			target = 6189038229A8557D00D2B727 /* HealthKitExport */;
			targetProxy = 6189039E29A8558000D2B727 /* PBXContainerItemProxy */;
		};
/* End PBXTargetDependency section */

/* Begin XCBuildConfiguration section */
		618903A529A8558000D2B727 /* Debug */ = {
			isa = XCBuildConfiguration;
			buildSettings = {
				ALWAYS_SEARCH_USER_PATHS = NO;
				CLANG_ANALYZER_NONNULL = YES;
				CLANG_ANALYZER_NUMBER_OBJECT_CONVERSION = YES_AGGRESSIVE;
				CLANG_CXX_LANGUAGE_STANDARD = "gnu++20";
				CLANG_ENABLE_MODULES = YES;
				CLANG_ENABLE_OBJC_ARC = YES;
				CLANG_ENABLE_OBJC_WEAK = YES;
				CLANG_WARN_BLOCK_CAPTURE_AUTORELEASING = YES;
				CLANG_WARN_BOOL_CONVERSION = YES;
				CLANG_WARN_COMMA = YES;
				CLANG_WARN_CONSTANT_CONVERSION = YES;
				CLANG_WARN_DEPRECATED_OBJC_IMPLEMENTATIONS = YES;
				CLANG_WARN_DIRECT_OBJC_ISA_USAGE = YES_ERROR;
				CLANG_WARN_DOCUMENTATION_COMMENTS = YES;
				CLANG_WARN_EMPTY_BODY = YES;
				CLANG_WARN_ENUM_CONVERSION = YES;
				CLANG_WARN_INFINITE_RECURSION = YES;
				CLANG_WARN_INT_CONVERSION = YES;
				CLANG_WARN_NON_LITERAL_NULL_CONVERSION = YES;
				CLANG_WARN_OBJC_IMPLICIT_RETAIN_SELF = YES;
				CLANG_WARN_OBJC_LITERAL_CONVERSION = YES;
				CLANG_WARN_OBJC_ROOT_CLASS = YES_ERROR;
				CLANG_WARN_QUOTED_INCLUDE_IN_FRAMEWORK_HEADER = YES;
				CLANG_WARN_RANGE_LOOP_ANALYSIS = YES;
				CLANG_WARN_STRICT_PROTOTYPES = YES;
				CLANG_WARN_SUSPICIOUS_MOVE = YES;
				CLANG_WARN_UNGUARDED_AVAILABILITY = YES_AGGRESSIVE;
				CLANG_WARN_UNREACHABLE_CODE = YES;
				CLANG_WARN__DUPLICATE_METHOD_MATCH = YES;
				COPY_PHASE_STRIP = NO;
				DEBUG_INFORMATION_FORMAT = dwarf;
				ENABLE_STRICT_OBJC_MSGSEND = YES;
				ENABLE_TESTABILITY = YES;
				GCC_C_LANGUAGE_STANDARD = gnu11;
				GCC_DYNAMIC_NO_PIC = NO;
				GCC_NO_COMMON_BLOCKS = YES;
				GCC_OPTIMIZATION_LEVEL = 0;
				GCC_PREPROCESSOR_DEFINITIONS = (
					"DEBUG=1",
					"$(inherited)",
				);
				GCC_WARN_64_TO_32_BIT_CONVERSION = YES;
				GCC_WARN_ABOUT_RETURN_TYPE = YES_ERROR;
				GCC_WARN_UNDECLARED_SELECTOR = YES;
				GCC_WARN_UNINITIALIZED_AUTOS = YES_AGGRESSIVE;
				GCC_WARN_UNUSED_FUNCTION = YES;
				GCC_WARN_UNUSED_VARIABLE = YES;
				IPHONEOS_DEPLOYMENT_TARGET = 16.0;
				MTL_ENABLE_DEBUG_INFO = INCLUDE_SOURCE;
				MTL_FAST_MATH = YES;
				ONLY_ACTIVE_ARCH = YES;
				SDKROOT = iphoneos;
				SWIFT_ACTIVE_COMPILATION_CONDITIONS = DEBUG;
				SWIFT_OPTIMIZATION_LEVEL = "-Onone";
			};
			name = Debug;
		};
		618903A629A8558000D2B727 /* Release */ = {
			isa = XCBuildConfiguration;
			buildSettings = {
				ALWAYS_SEARCH_USER_PATHS = NO;
				CLANG_ANALYZER_NONNULL = YES;
				CLANG_ANALYZER_NUMBER_OBJECT_CONVERSION = YES_AGGRESSIVE;
				CLANG_CXX_LANGUAGE_STANDARD = "gnu++20";
				CLANG_ENABLE_MODULES = YES;
				CLANG_ENABLE_OBJC_ARC = YES;
				CLANG_ENABLE_OBJC_WEAK = YES;
				CLANG_WARN_BLOCK_CAPTURE_AUTORELEASING = YES;
				CLANG_WARN_BOOL_CONVERSION = YES;
				CLANG_WARN_COMMA = YES;
				CLANG_WARN_CONSTANT_CONVERSION = YES;
				CLANG_WARN_DEPRECATED_OBJC_IMPLEMENTATIONS = YES;
				CLANG_WARN_DIRECT_OBJC_ISA_USAGE = YES_ERROR;
				CLANG_WARN_DOCUMENTATION_COMMENTS = YES;
				CLANG_WARN_EMPTY_BODY = YES;
				CLANG_WARN_ENUM_CONVERSION = YES;
				CLANG_WARN_INFINITE_RECURSION = YES;
				CLANG_WARN_INT_CONVERSION = YES;
				CLANG_WARN_NON_LITERAL_NULL_CONVERSION = YES;
				CLANG_WARN_OBJC_IMPLICIT_RETAIN_SELF = YES;
				CLANG_WARN_OBJC_LITERAL_CONVERSION = YES;
				CLANG_WARN_OBJC_ROOT_CLASS = YES_ERROR;
				CLANG_WARN_QUOTED_INCLUDE_IN_FRAMEWORK_HEADER = YES;
				CLANG_WARN_RANGE_LOOP_ANALYSIS = YES;
				CLANG_WARN_STRICT_PROTOTYPES = YES;
				CLANG_WARN_SUSPICIOUS_MOVE = YES;
				CLANG_WARN_UNGUARDED_AVAILABILITY = YES_AGGRESSIVE;
				CLANG_WARN_UNREACHABLE_CODE = YES;
				CLANG_WARN__DUPLICATE_METHOD_MATCH = YES;
				COPY_PHASE_STRIP = NO;
				DEBUG_INFORMATION_FORMAT = "dwarf-with-dsym";
				ENABLE_NS_ASSERTIONS = NO;
				ENABLE_STRICT_OBJC_MSGSEND = YES;
				GCC_C_LANGUAGE_STANDARD = gnu11;
				GCC_NO_COMMON_BLOCKS = YES;
				GCC_WARN_64_TO_32_BIT_CONVERSION = YES;
				GCC_WARN_ABOUT_RETURN_TYPE = YES_ERROR;
				GCC_WARN_UNDECLARED_SELECTOR = YES;
				GCC_WARN_UNINITIALIZED_AUTOS = YES_AGGRESSIVE;
				GCC_WARN_UNUSED_FUNCTION = YES;
				GCC_WARN_UNUSED_VARIABLE = YES;
				IPHONEOS_DEPLOYMENT_TARGET = 16.0;
				MTL_ENABLE_DEBUG_INFO = NO;
				MTL_FAST_MATH = YES;
				SDKROOT = iphoneos;
				SWIFT_COMPILATION_MODE = wholemodule;
				SWIFT_OPTIMIZATION_LEVEL = "-O";
				VALIDATE_PRODUCT = YES;
			};
			name = Release;
		};
		618903A829A8558000D2B727 /* Debug */ = {
			isa = XCBuildConfiguration;
			buildSettings = {
				ASSETCATALOG_COMPILER_APPICON_NAME = AppIcon;
				ASSETCATALOG_COMPILER_GLOBAL_ACCENT_COLOR_NAME = AccentColor;
				CODE_SIGN_ENTITLEMENTS = HealthKitExport/HealthKitExportDebug.entitlements;
				CODE_SIGN_STYLE = Automatic;
				CURRENT_PROJECT_VERSION = 1;
				DEVELOPMENT_ASSET_PATHS = "\"HealthKitExport/Preview Content\"";
				DEVELOPMENT_TEAM = 9T6G723HG9;
				ENABLE_PREVIEWS = YES;
				GENERATE_INFOPLIST_FILE = YES;
				INFOPLIST_KEY_NSHealthShareUsageDescription = "Provide share permissions";
				INFOPLIST_KEY_UIApplicationSceneManifest_Generation = YES;
				INFOPLIST_KEY_UIApplicationSupportsIndirectInputEvents = YES;
				INFOPLIST_KEY_UILaunchScreen_Generation = YES;
				INFOPLIST_KEY_UISupportedInterfaceOrientations_iPad = "UIInterfaceOrientationPortrait UIInterfaceOrientationPortraitUpsideDown UIInterfaceOrientationLandscapeLeft UIInterfaceOrientationLandscapeRight";
				INFOPLIST_KEY_UISupportedInterfaceOrientations_iPhone = "UIInterfaceOrientationPortrait UIInterfaceOrientationLandscapeLeft UIInterfaceOrientationLandscapeRight";
				IPHONEOS_DEPLOYMENT_TARGET = 16.0;
				LD_RUNPATH_SEARCH_PATHS = (
					"$(inherited)",
					"@executable_path/Frameworks",
				);
				MARKETING_VERSION = 1.0;
				PRODUCT_BUNDLE_IDENTIFIER = adamolder.HealthKitExport;
				PRODUCT_NAME = "$(TARGET_NAME)";
				SWIFT_EMIT_LOC_STRINGS = YES;
				SWIFT_VERSION = 5.0;
				TARGETED_DEVICE_FAMILY = "1,2";
			};
			name = Debug;
		};
		618903A929A8558000D2B727 /* Release */ = {
			isa = XCBuildConfiguration;
			buildSettings = {
				ASSETCATALOG_COMPILER_APPICON_NAME = AppIcon;
				ASSETCATALOG_COMPILER_GLOBAL_ACCENT_COLOR_NAME = AccentColor;
				CODE_SIGN_STYLE = Automatic;
				CURRENT_PROJECT_VERSION = 1;
				DEVELOPMENT_ASSET_PATHS = "\"HealthKitExport/Preview Content\"";
				DEVELOPMENT_TEAM = 9T6G723HG9;
				ENABLE_PREVIEWS = YES;
				GENERATE_INFOPLIST_FILE = YES;
				INFOPLIST_KEY_NSHealthShareUsageDescription = "Provide share permissions";
				INFOPLIST_KEY_UIApplicationSceneManifest_Generation = YES;
				INFOPLIST_KEY_UIApplicationSupportsIndirectInputEvents = YES;
				INFOPLIST_KEY_UILaunchScreen_Generation = YES;
				INFOPLIST_KEY_UISupportedInterfaceOrientations_iPad = "UIInterfaceOrientationPortrait UIInterfaceOrientationPortraitUpsideDown UIInterfaceOrientationLandscapeLeft UIInterfaceOrientationLandscapeRight";
				INFOPLIST_KEY_UISupportedInterfaceOrientations_iPhone = "UIInterfaceOrientationPortrait UIInterfaceOrientationLandscapeLeft UIInterfaceOrientationLandscapeRight";
				IPHONEOS_DEPLOYMENT_TARGET = 16.0;
				LD_RUNPATH_SEARCH_PATHS = (
					"$(inherited)",
					"@executable_path/Frameworks",
				);
				MARKETING_VERSION = 1.0;
				PRODUCT_BUNDLE_IDENTIFIER = adamolder.HealthKitExport;
				PRODUCT_NAME = "$(TARGET_NAME)";
				SWIFT_EMIT_LOC_STRINGS = YES;
				SWIFT_VERSION = 5.0;
				TARGETED_DEVICE_FAMILY = "1,2";
			};
			name = Release;
		};
		618903AB29A8558000D2B727 /* Debug */ = {
			isa = XCBuildConfiguration;
			buildSettings = {
				ALWAYS_EMBED_SWIFT_STANDARD_LIBRARIES = YES;
				BUNDLE_LOADER = "$(TEST_HOST)";
				CODE_SIGN_STYLE = Automatic;
				CURRENT_PROJECT_VERSION = 1;
				DEVELOPMENT_TEAM = 9T6G723HG9;
				GENERATE_INFOPLIST_FILE = YES;
				IPHONEOS_DEPLOYMENT_TARGET = 16.2;
				MARKETING_VERSION = 1.0;
				PRODUCT_BUNDLE_IDENTIFIER = adamolder.HealthKitExportTests;
				PRODUCT_NAME = "$(TARGET_NAME)";
				SWIFT_EMIT_LOC_STRINGS = NO;
				SWIFT_VERSION = 5.0;
				TARGETED_DEVICE_FAMILY = "1,2";
				TEST_HOST = "$(BUILT_PRODUCTS_DIR)/HealthKitExport.app/$(BUNDLE_EXECUTABLE_FOLDER_PATH)/HealthKitExport";
			};
			name = Debug;
		};
		618903AC29A8558000D2B727 /* Release */ = {
			isa = XCBuildConfiguration;
			buildSettings = {
				ALWAYS_EMBED_SWIFT_STANDARD_LIBRARIES = YES;
				BUNDLE_LOADER = "$(TEST_HOST)";
				CODE_SIGN_STYLE = Automatic;
				CURRENT_PROJECT_VERSION = 1;
				DEVELOPMENT_TEAM = 9T6G723HG9;
				GENERATE_INFOPLIST_FILE = YES;
				IPHONEOS_DEPLOYMENT_TARGET = 16.2;
				MARKETING_VERSION = 1.0;
				PRODUCT_BUNDLE_IDENTIFIER = adamolder.HealthKitExportTests;
				PRODUCT_NAME = "$(TARGET_NAME)";
				SWIFT_EMIT_LOC_STRINGS = NO;
				SWIFT_VERSION = 5.0;
				TARGETED_DEVICE_FAMILY = "1,2";
				TEST_HOST = "$(BUILT_PRODUCTS_DIR)/HealthKitExport.app/$(BUNDLE_EXECUTABLE_FOLDER_PATH)/HealthKitExport";
			};
			name = Release;
		};
		618903AE29A8558000D2B727 /* Debug */ = {
			isa = XCBuildConfiguration;
			buildSettings = {
				ALWAYS_EMBED_SWIFT_STANDARD_LIBRARIES = YES;
				CODE_SIGN_STYLE = Automatic;
				CURRENT_PROJECT_VERSION = 1;
				DEVELOPMENT_TEAM = 9T6G723HG9;
				GENERATE_INFOPLIST_FILE = YES;
				MARKETING_VERSION = 1.0;
				PRODUCT_BUNDLE_IDENTIFIER = adamolder.HealthKitExportUITests;
				PRODUCT_NAME = "$(TARGET_NAME)";
				SWIFT_EMIT_LOC_STRINGS = NO;
				SWIFT_VERSION = 5.0;
				TARGETED_DEVICE_FAMILY = "1,2";
				TEST_TARGET_NAME = HealthKitExport;
			};
			name = Debug;
		};
		618903AF29A8558000D2B727 /* Release */ = {
			isa = XCBuildConfiguration;
			buildSettings = {
				ALWAYS_EMBED_SWIFT_STANDARD_LIBRARIES = YES;
				CODE_SIGN_STYLE = Automatic;
				CURRENT_PROJECT_VERSION = 1;
				DEVELOPMENT_TEAM = 9T6G723HG9;
				GENERATE_INFOPLIST_FILE = YES;
				MARKETING_VERSION = 1.0;
				PRODUCT_BUNDLE_IDENTIFIER = adamolder.HealthKitExportUITests;
				PRODUCT_NAME = "$(TARGET_NAME)";
				SWIFT_EMIT_LOC_STRINGS = NO;
				SWIFT_VERSION = 5.0;
				TARGETED_DEVICE_FAMILY = "1,2";
				TEST_TARGET_NAME = HealthKitExport;
			};
			name = Release;
		};
/* End XCBuildConfiguration section */

/* Begin XCConfigurationList section */
		6189037E29A8557C00D2B727 /* Build configuration list for PBXProject "HealthKitExport" */ = {
			isa = XCConfigurationList;
			buildConfigurations = (
				618903A529A8558000D2B727 /* Debug */,
				618903A629A8558000D2B727 /* Release */,
			);
			defaultConfigurationIsVisible = 0;
			defaultConfigurationName = Debug;
		};
		618903A729A8558000D2B727 /* Build configuration list for PBXNativeTarget "HealthKitExport" */ = {
			isa = XCConfigurationList;
			buildConfigurations = (
				618903A829A8558000D2B727 /* Debug */,
				618903A929A8558000D2B727 /* Release */,
			);
			defaultConfigurationIsVisible = 0;
			defaultConfigurationName = Debug;
		};
		618903AA29A8558000D2B727 /* Build configuration list for PBXNativeTarget "HealthKitExportTests" */ = {
			isa = XCConfigurationList;
			buildConfigurations = (
				618903AB29A8558000D2B727 /* Debug */,
				618903AC29A8558000D2B727 /* Release */,
			);
			defaultConfigurationIsVisible = 0;
			defaultConfigurationName = Debug;
		};
		618903AD29A8558000D2B727 /* Build configuration list for PBXNativeTarget "HealthKitExportUITests" */ = {
			isa = XCConfigurationList;
			buildConfigurations = (
				618903AE29A8558000D2B727 /* Debug */,
				618903AF29A8558000D2B727 /* Release */,
			);
			defaultConfigurationIsVisible = 0;
			defaultConfigurationName = Debug;
		};
/* End XCConfigurationList section */
	};
	rootObject = 6189037B29A8557C00D2B727 /* Project object */;
}
